
Microsoft Visual Studio Solution File, Format Version 12.00
# Visual Studio Version 17
VisualStudioVersion = 17.7.34202.233
MinimumVisualStudioVersion = 10.0.40219.1
Project("{8BC9CEB8-8B4A-11D0-8D11-00A0C91BC942}") = "BookStore", "BookStore.vcxproj", "{61F5D5EE-3FC3-4303-886F-AD97D2E4800E}"
EndProject
Global
	GlobalSection(SolutionConfigurationPlatforms) = preSolution
		Debug|x64 = Debug|x64
		Debug|x86 = Debug|x86
		Release|x64 = Release|x64
		Release|x86 = Release|x86
	EndGlobalSection
	GlobalSection(ProjectConfigurationPlatforms) = postSolution
		{61F5D5EE-3FC3-4303-886F-AD97D2E4800E}.Debug|x64.ActiveCfg = Debug|x64
		{61F5D5EE-3FC3-4303-886F-AD97D2E4800E}.Debug|x64.Build.0 = Debug|x64
		{61F5D5EE-3FC3-4303-886F-AD97D2E4800E}.Debug|x86.ActiveCfg = Debug|Win32
		{61F5D5EE-3FC3-4303-886F-AD97D2E4800E}.Debug|x86.Build.0 = Debug|Win32
		{61F5D5EE-3FC3-4303-886F-AD97D2E4800E}.Release|x64.ActiveCfg = Release|x64
		{61F5D5EE-3FC3-4303-886F-AD97D2E4800E}.Release|x64.Build.0 = Release|x64
		{61F5D5EE-3FC3-4303-886F-AD97D2E4800E}.Release|x86.ActiveCfg = Release|Win32
		{61F5D5EE-3FC3-4303-886F-AD97D2E4800E}.Release|x86.Build.0 = Release|Win32
	EndGlobalSection
	GlobalSection(SolutionProperties) = preSolution
		HideSolutionNode = FALSE
	EndGlobalSection
	GlobalSection(ExtensibilityGlobals) = postSolution
		SolutionGuid = {E5EDCD39-9357-4385-904D-CCB58FD5703E}
	EndGlobalSection
EndGlobal
