<?xml version="1.0" encoding="utf-8"?>
<Project ToolsVersion="4.0" xmlns="http://schemas.microsoft.com/developer/msbuild/2003">
  <ItemGroup>
    <Filter Include="Исходные файлы">
      <UniqueIdentifier>{4FC737F1-C7A5-4376-A066-2A32D752A2FF}</UniqueIdentifier>
      <Extensions>cpp;c;cc;cxx;c++;cppm;ixx;def;odl;idl;hpj;bat;asm;asmx</Extensions>
    </Filter>
    <Filter Include="Файлы заголовков">
      <UniqueIdentifier>{93995380-89BD-4b04-88EB-625FBE52EBFB}</UniqueIdentifier>
      <Extensions>h;hh;hpp;hxx;h++;hm;inl;inc;ipp;xsd</Extensions>
    </Filter>
    <Filter Include="Файлы ресурсов">
      <UniqueIdentifier>{67DA6AB6-F800-4c08-8B7A-83BB121AAD01}</UniqueIdentifier>
      <Extensions>rc;ico;cur;bmp;dlg;rc2;rct;bin;rgs;gif;jpg;jpeg;jpe;resx;tiff;tif;png;wav;mfcribbon-ms</Extensions>
    </Filter>
    <Filter Include="Файлы заголовков\fabrica">
      <UniqueIdentifier>{bbba4164-0794-41a3-8f47-fe3d17b20dff}</UniqueIdentifier>
    </Filter>
    <Filter Include="Файлы заголовков\book">
      <UniqueIdentifier>{681c8179-cf27-46ad-8271-5acd6b8d0a1c}</UniqueIdentifier>
    </Filter>
    <Filter Include="Файлы заголовков\account_user">
      <UniqueIdentifier>{3ef6e8f7-f103-4a4f-9f92-2ae7b05f43cb}</UniqueIdentifier>
    </Filter>
    <Filter Include="Файлы заголовков\database_account">
      <UniqueIdentifier>{f7db405f-970c-4075-94a0-fb5eaab46e77}</UniqueIdentifier>
    </Filter>
    <Filter Include="Файлы заголовков\kernel">
      <UniqueIdentifier>{7bc70085-b221-41b5-9e19-99b4f8b109a0}</UniqueIdentifier>
    </Filter>
    <Filter Include="Файлы заголовков\data_base_book">
      <UniqueIdentifier>{9f1a8bd7-2f2a-4072-bdaf-cd2ea8f7c0a9}</UniqueIdentifier>
    </Filter>
  </ItemGroup>
  <ItemGroup>
    <ClInclude Include="abstract_fabrica_book.h">
      <Filter>Файлы заголовков\fabrica</Filter>
    </ClInclude>
    <ClInclude Include="fabrica_first.h">
      <Filter>Файлы заголовков\fabrica</Filter>
    </ClInclude>
    <ClInclude Include="book.h">
      <Filter>Файлы заголовков\book</Filter>
    </ClInclude>
    <ClInclude Include="book_interface.h">
      <Filter>Файлы заголовков\book</Filter>
    </ClInclude>
    <ClInclude Include="data_base.h">
      <Filter>Файлы заголовков\data_base_book</Filter>
    </ClInclude>
    <ClInclude Include="data_base_abstract.h">
      <Filter>Файлы заголовков\data_base_book</Filter>
    </ClInclude>
    <ClInclude Include="account_user.h">
      <Filter>Файлы заголовков\account_user</Filter>
    </ClInclude>
    <ClInclude Include="account_interface.h">
      <Filter>Файлы заголовков\account_user</Filter>
    </ClInclude>
    <ClInclude Include="database_accoutn_interface.h">
      <Filter>Файлы заголовков\database_account</Filter>
    </ClInclude>
    <ClInclude Include="database_account.h">
      <Filter>Файлы заголовков\database_account</Filter>
    </ClInclude>
    <ClInclude Include="abstract_fabrica_account.h">
      <Filter>Файлы заголовков\fabrica</Filter>
    </ClInclude>
    <ClInclude Include="fabrica_account.h">
      <Filter>Файлы заголовков\fabrica</Filter>
    </ClInclude>
    <ClInclude Include="kernel.h">
      <Filter>Файлы заголовков\kernel</Filter>
    </ClInclude>
    <ClInclude Include="node.h">
      <Filter>Файлы заголовков\kernel</Filter>
    </ClInclude>
    <ClInclude Include="error.h">
      <Filter>Файлы заголовков\kernel</Filter>
    </ClInclude>
  </ItemGroup>
  <ItemGroup>
    <ClCompile Include="book.cpp">
      <Filter>Исходные файлы</Filter>
    </ClCompile>
    <ClCompile Include="fabrica_first.cpp">
      <Filter>Исходные файлы</Filter>
    </ClCompile>
    <ClCompile Include="data_base.cpp">
      <Filter>Исходные файлы</Filter>
    </ClCompile>
    <ClCompile Include="account_user.cpp">
      <Filter>Исходные файлы</Filter>
    </ClCompile>
    <ClCompile Include="database_account.cpp">
      <Filter>Исходные файлы</Filter>
    </ClCompile>
    <ClCompile Include="fabrica_account.cpp">
      <Filter>Исходные файлы</Filter>
    </ClCompile>
    <ClCompile Include="kernel.cpp">
      <Filter>Исходные файлы</Filter>
    </ClCompile>
    <ClCompile Include="main.cpp">
      <Filter>Исходные файлы</Filter>
    </ClCompile>
  </ItemGroup>
  <ItemGroup>
    <Text Include="database_account.txt" />
    <Text Include="database_book.txt" />
  </ItemGroup>
</Project>